// !$*UTF8*$!
{
	archiveVersion = 1;
	classes = {
	};
	objectVersion = 46;
	objects = {

/* Begin PBXBuildFile section */
		1301396918CC7CBC009A4C82 /* Foundation.framework in Frameworks */ = {isa = PBXBuildFile; fileRef = 1301396818CC7CBC009A4C82 /* Foundation.framework */; };
		1301396B18CC7CBC009A4C82 /* CoreGraphics.framework in Frameworks */ = {isa = PBXBuildFile; fileRef = 1301396A18CC7CBC009A4C82 /* CoreGraphics.framework */; };
		1301396D18CC7CBC009A4C82 /* UIKit.framework in Frameworks */ = {isa = PBXBuildFile; fileRef = 1301396C18CC7CBC009A4C82 /* UIKit.framework */; };
		1301396F18CC7CBC009A4C82 /* CoreData.framework in Frameworks */ = {isa = PBXBuildFile; fileRef = 1301396E18CC7CBC009A4C82 /* CoreData.framework */; };
		1301397518CC7CBC009A4C82 /* InfoPlist.strings in Resources */ = {isa = PBXBuildFile; fileRef = 1301397318CC7CBC009A4C82 /* InfoPlist.strings */; };
		1301397718CC7CBC009A4C82 /* main.m in Sources */ = {isa = PBXBuildFile; fileRef = 1301397618CC7CBC009A4C82 /* main.m */; };
		1301397B18CC7CBC009A4C82 /* YMAppDelegate.m in Sources */ = {isa = PBXBuildFile; fileRef = 1301397A18CC7CBC009A4C82 /* YMAppDelegate.m */; };
		1301398118CC7CBC009A4C82 /* MYWebservice.xcdatamodeld in Sources */ = {isa = PBXBuildFile; fileRef = 1301397F18CC7CBC009A4C82 /* MYWebservice.xcdatamodeld */; };
		1301398918CC7CBC009A4C82 /* Images.xcassets in Resources */ = {isa = PBXBuildFile; fileRef = 1301398818CC7CBC009A4C82 /* Images.xcassets */; };
		1301399018CC7CBC009A4C82 /* XCTest.framework in Frameworks */ = {isa = PBXBuildFile; fileRef = 1301398F18CC7CBC009A4C82 /* XCTest.framework */; };
		1301399118CC7CBC009A4C82 /* Foundation.framework in Frameworks */ = {isa = PBXBuildFile; fileRef = 1301396818CC7CBC009A4C82 /* Foundation.framework */; };
		1301399218CC7CBC009A4C82 /* UIKit.framework in Frameworks */ = {isa = PBXBuildFile; fileRef = 1301396C18CC7CBC009A4C82 /* UIKit.framework */; };
		1301399318CC7CBC009A4C82 /* CoreData.framework in Frameworks */ = {isa = PBXBuildFile; fileRef = 1301396E18CC7CBC009A4C82 /* CoreData.framework */; };
		1301399B18CC7CBC009A4C82 /* InfoPlist.strings in Resources */ = {isa = PBXBuildFile; fileRef = 1301399918CC7CBC009A4C82 /* InfoPlist.strings */; };
		1301399D18CC7CBC009A4C82 /* MYWebserviceTests.m in Sources */ = {isa = PBXBuildFile; fileRef = 1301399C18CC7CBC009A4C82 /* MYWebserviceTests.m */; };
		130139A818CC7EE9009A4C82 /* YMiTunesWebservice.m in Sources */ = {isa = PBXBuildFile; fileRef = 130139A718CC7EE9009A4C82 /* YMiTunesWebservice.m */; };
		130139AB18CCD050009A4C82 /* YMImporter.m in Sources */ = {isa = PBXBuildFile; fileRef = 130139AA18CCD050009A4C82 /* YMImporter.m */; };
		130139B118CCD4F0009A4C82 /* YMModelObject.m in Sources */ = {isa = PBXBuildFile; fileRef = 130139B018CCD4F0009A4C82 /* YMModelObject.m */; };
		130139B718CD00AA009A4C82 /* YMFetchedResultsControllerDataSource.m in Sources */ = {isa = PBXBuildFile; fileRef = 130139B618CD00AA009A4C82 /* YMFetchedResultsControllerDataSource.m */; };
		130139BA18CD0719009A4C82 /* YMPersistence.m in Sources */ = {isa = PBXBuildFile; fileRef = 130139B918CD0719009A4C82 /* YMPersistence.m */; };
		1302A22219439EA3003F91A6 /* SystemConfiguration.framework in Frameworks */ = {isa = PBXBuildFile; fileRef = 1302A22119439EA3003F91A6 /* SystemConfiguration.framework */; };
		1302A22619439F14003F91A6 /* Reachability.m in Sources */ = {isa = PBXBuildFile; fileRef = 1302A22519439F14003F91A6 /* Reachability.m */; };
		130B800E1946213E007DAB6D /* YMSong.m in Sources */ = {isa = PBXBuildFile; fileRef = 130B800D1946213E007DAB6D /* YMSong.m */; };
		1351A7A5192251A600FD2498 /* MYCoverView.m in Sources */ = {isa = PBXBuildFile; fileRef = 1351A7A4192251A600FD2498 /* MYCoverView.m */; };
		1363967718CF1BB8007AD63A /* YMSongListViewController.m in Sources */ = {isa = PBXBuildFile; fileRef = 1363967618CF1BB8007AD63A /* YMSongListViewController.m */; };
		137809B818D9B3AD006184AC /* YMSong+Helper.m in Sources */ = {isa = PBXBuildFile; fileRef = 137809B718D9B3AD006184AC /* YMSong+Helper.m */; };
		139D82BD19264B97002BA574 /* MyScrollView.m in Sources */ = {isa = PBXBuildFile; fileRef = 139D82BC19264B97002BA574 /* MyScrollView.m */; };
		13C122BD18DB00590044C816 /* YMiTunesXMLParser.m in Sources */ = {isa = PBXBuildFile; fileRef = 13C122BC18DB00590044C816 /* YMiTunesXMLParser.m */; };
		13E030F8192643E600B294FC /* YMViewController.m in Sources */ = {isa = PBXBuildFile; fileRef = 13E030F6192643E600B294FC /* YMViewController.m */; };
		13E030F9192643E600B294FC /* YMViewController.xib in Resources */ = {isa = PBXBuildFile; fileRef = 13E030F7192643E600B294FC /* YMViewController.xib */; };
		13EA60C8191ECDF400CAEB70 /* UIView+DebugObject.m in Sources */ = {isa = PBXBuildFile; fileRef = 13EA60C7191ECDF400CAEB70 /* UIView+DebugObject.m */; };
		13F7A9C9191A309100C37DF5 /* YMTableViewCell.m in Sources */ = {isa = PBXBuildFile; fileRef = 13F7A9C8191A309100C37DF5 /* YMTableViewCell.m */; };
		13F7A9D0191A3D5C00C37DF5 /* YMSongView.m in Sources */ = {isa = PBXBuildFile; fileRef = 13F7A9CF191A3D5C00C37DF5 /* YMSongView.m */; };
		13F7A9DC191BB06600C37DF5 /* UIImageView+Network.m in Sources */ = {isa = PBXBuildFile; fileRef = 13F7A9DB191BB06600C37DF5 /* UIImageView+Network.m */; };
		13F7A9DE191BBD4400C37DF5 /* placeholder.jpg in Resources */ = {isa = PBXBuildFile; fileRef = 13F7A9DD191BBD4400C37DF5 /* placeholder.jpg */; };
/* End PBXBuildFile section */

/* Begin PBXContainerItemProxy section */
		1301399418CC7CBC009A4C82 /* PBXContainerItemProxy */ = {
			isa = PBXContainerItemProxy;
			containerPortal = 1301395D18CC7CBB009A4C82 /* Project object */;
			proxyType = 1;
			remoteGlobalIDString = 1301396418CC7CBC009A4C82;
			remoteInfo = MYWebservice;
		};
/* End PBXContainerItemProxy section */

/* Begin PBXFileReference section */
		1301396518CC7CBC009A4C82 /* MYWebservice.app */ = {isa = PBXFileReference; explicitFileType = wrapper.application; includeInIndex = 0; path = MYWebservice.app; sourceTree = BUILT_PRODUCTS_DIR; };
		1301396818CC7CBC009A4C82 /* Foundation.framework */ = {isa = PBXFileReference; lastKnownFileType = wrapper.framework; name = Foundation.framework; path = System/Library/Frameworks/Foundation.framework; sourceTree = SDKROOT; };
		1301396A18CC7CBC009A4C82 /* CoreGraphics.framework */ = {isa = PBXFileReference; lastKnownFileType = wrapper.framework; name = CoreGraphics.framework; path = System/Library/Frameworks/CoreGraphics.framework; sourceTree = SDKROOT; };
		1301396C18CC7CBC009A4C82 /* UIKit.framework */ = {isa = PBXFileReference; lastKnownFileType = wrapper.framework; name = UIKit.framework; path = System/Library/Frameworks/UIKit.framework; sourceTree = SDKROOT; };
		1301396E18CC7CBC009A4C82 /* CoreData.framework */ = {isa = PBXFileReference; lastKnownFileType = wrapper.framework; name = CoreData.framework; path = System/Library/Frameworks/CoreData.framework; sourceTree = SDKROOT; };
		1301397218CC7CBC009A4C82 /* MYWebservice-Info.plist */ = {isa = PBXFileReference; lastKnownFileType = text.plist.xml; path = "MYWebservice-Info.plist"; sourceTree = "<group>"; };
		1301397418CC7CBC009A4C82 /* en */ = {isa = PBXFileReference; lastKnownFileType = text.plist.strings; name = en; path = en.lproj/InfoPlist.strings; sourceTree = "<group>"; };
		1301397618CC7CBC009A4C82 /* main.m */ = {isa = PBXFileReference; lastKnownFileType = sourcecode.c.objc; path = main.m; sourceTree = "<group>"; };
		1301397818CC7CBC009A4C82 /* MYWebservice-Prefix.pch */ = {isa = PBXFileReference; lastKnownFileType = sourcecode.c.h; path = "MYWebservice-Prefix.pch"; sourceTree = "<group>"; };
		1301397918CC7CBC009A4C82 /* YMAppDelegate.h */ = {isa = PBXFileReference; lastKnownFileType = sourcecode.c.h; path = YMAppDelegate.h; sourceTree = "<group>"; };
		1301397A18CC7CBC009A4C82 /* YMAppDelegate.m */ = {isa = PBXFileReference; lastKnownFileType = sourcecode.c.objc; path = YMAppDelegate.m; sourceTree = "<group>"; };
		1301398018CC7CBC009A4C82 /* MYWebservice.xcdatamodel */ = {isa = PBXFileReference; lastKnownFileType = wrapper.xcdatamodel; path = MYWebservice.xcdatamodel; sourceTree = "<group>"; };
		1301398818CC7CBC009A4C82 /* Images.xcassets */ = {isa = PBXFileReference; lastKnownFileType = folder.assetcatalog; path = Images.xcassets; sourceTree = "<group>"; };
		1301398E18CC7CBC009A4C82 /* MYWebserviceTests.xctest */ = {isa = PBXFileReference; explicitFileType = wrapper.cfbundle; includeInIndex = 0; path = MYWebserviceTests.xctest; sourceTree = BUILT_PRODUCTS_DIR; };
		1301398F18CC7CBC009A4C82 /* XCTest.framework */ = {isa = PBXFileReference; lastKnownFileType = wrapper.framework; name = XCTest.framework; path = Library/Frameworks/XCTest.framework; sourceTree = DEVELOPER_DIR; };
		1301399818CC7CBC009A4C82 /* MYWebserviceTests-Info.plist */ = {isa = PBXFileReference; lastKnownFileType = text.plist.xml; path = "MYWebserviceTests-Info.plist"; sourceTree = "<group>"; };
		1301399A18CC7CBC009A4C82 /* en */ = {isa = PBXFileReference; lastKnownFileType = text.plist.strings; name = en; path = en.lproj/InfoPlist.strings; sourceTree = "<group>"; };
		1301399C18CC7CBC009A4C82 /* MYWebserviceTests.m */ = {isa = PBXFileReference; lastKnownFileType = sourcecode.c.objc; path = MYWebserviceTests.m; sourceTree = "<group>"; };
		130139A618CC7EE9009A4C82 /* YMiTunesWebservice.h */ = {isa = PBXFileReference; fileEncoding = 4; lastKnownFileType = sourcecode.c.h; path = YMiTunesWebservice.h; sourceTree = "<group>"; };
		130139A718CC7EE9009A4C82 /* YMiTunesWebservice.m */ = {isa = PBXFileReference; fileEncoding = 4; lastKnownFileType = sourcecode.c.objc; path = YMiTunesWebservice.m; sourceTree = "<group>"; };
		130139A918CCD050009A4C82 /* YMImporter.h */ = {isa = PBXFileReference; fileEncoding = 4; lastKnownFileType = sourcecode.c.h; path = YMImporter.h; sourceTree = "<group>"; };
		130139AA18CCD050009A4C82 /* YMImporter.m */ = {isa = PBXFileReference; fileEncoding = 4; lastKnownFileType = sourcecode.c.objc; path = YMImporter.m; sourceTree = "<group>"; };
		130139AF18CCD4F0009A4C82 /* YMModelObject.h */ = {isa = PBXFileReference; fileEncoding = 4; lastKnownFileType = sourcecode.c.h; path = YMModelObject.h; sourceTree = "<group>"; };
		130139B018CCD4F0009A4C82 /* YMModelObject.m */ = {isa = PBXFileReference; fileEncoding = 4; lastKnownFileType = sourcecode.c.objc; path = YMModelObject.m; sourceTree = "<group>"; };
		130139B518CCF8E3009A4C82 /* YMFetchedResultsControllerDataSource.h */ = {isa = PBXFileReference; lastKnownFileType = sourcecode.c.h; path = YMFetchedResultsControllerDataSource.h; sourceTree = "<group>"; };
		130139B618CD00AA009A4C82 /* YMFetchedResultsControllerDataSource.m */ = {isa = PBXFileReference; fileEncoding = 4; lastKnownFileType = sourcecode.c.objc; path = YMFetchedResultsControllerDataSource.m; sourceTree = "<group>"; };
		130139B818CD0719009A4C82 /* YMPersistence.h */ = {isa = PBXFileReference; fileEncoding = 4; lastKnownFileType = sourcecode.c.h; path = YMPersistence.h; sourceTree = "<group>"; };
		130139B918CD0719009A4C82 /* YMPersistence.m */ = {isa = PBXFileReference; fileEncoding = 4; lastKnownFileType = sourcecode.c.objc; path = YMPersistence.m; sourceTree = "<group>"; };
		1302A22119439EA3003F91A6 /* SystemConfiguration.framework */ = {isa = PBXFileReference; lastKnownFileType = wrapper.framework; name = SystemConfiguration.framework; path = System/Library/Frameworks/SystemConfiguration.framework; sourceTree = SDKROOT; };
		1302A22419439F14003F91A6 /* Reachability.h */ = {isa = PBXFileReference; fileEncoding = 4; lastKnownFileType = sourcecode.c.h; path = Reachability.h; sourceTree = "<group>"; };
		1302A22519439F14003F91A6 /* Reachability.m */ = {isa = PBXFileReference; fileEncoding = 4; lastKnownFileType = sourcecode.c.objc; path = Reachability.m; sourceTree = "<group>"; };
		130B800C1946213E007DAB6D /* YMSong.h */ = {isa = PBXFileReference; fileEncoding = 4; lastKnownFileType = sourcecode.c.h; path = YMSong.h; sourceTree = "<group>"; };
		130B800D1946213E007DAB6D /* YMSong.m */ = {isa = PBXFileReference; fileEncoding = 4; lastKnownFileType = sourcecode.c.objc; path = YMSong.m; sourceTree = "<group>"; };
		1351A7A3192251A600FD2498 /* MYCoverView.h */ = {isa = PBXFileReference; fileEncoding = 4; lastKnownFileType = sourcecode.c.h; path = MYCoverView.h; sourceTree = "<group>"; };
		1351A7A4192251A600FD2498 /* MYCoverView.m */ = {isa = PBXFileReference; fileEncoding = 4; lastKnownFileType = sourcecode.c.objc; path = MYCoverView.m; sourceTree = "<group>"; };
		1363967518CF1BB8007AD63A /* YMSongListViewController.h */ = {isa = PBXFileReference; fileEncoding = 4; lastKnownFileType = sourcecode.c.h; lineEnding = 0; path = YMSongListViewController.h; sourceTree = "<group>"; xcLanguageSpecificationIdentifier = xcode.lang.objcpp; };
		1363967618CF1BB8007AD63A /* YMSongListViewController.m */ = {isa = PBXFileReference; fileEncoding = 4; lastKnownFileType = sourcecode.c.objc; lineEnding = 0; path = YMSongListViewController.m; sourceTree = "<group>"; xcLanguageSpecificationIdentifier = xcode.lang.objc; };
		137809B618D9B3AD006184AC /* YMSong+Helper.h */ = {isa = PBXFileReference; fileEncoding = 4; lastKnownFileType = sourcecode.c.h; path = "YMSong+Helper.h"; sourceTree = "<group>"; };
		137809B718D9B3AD006184AC /* YMSong+Helper.m */ = {isa = PBXFileReference; fileEncoding = 4; lastKnownFileType = sourcecode.c.objc; path = "YMSong+Helper.m"; sourceTree = "<group>"; };
		139D82BB19264B97002BA574 /* MyScrollView.h */ = {isa = PBXFileReference; fileEncoding = 4; lastKnownFileType = sourcecode.c.h; path = MyScrollView.h; sourceTree = "<group>"; };
		139D82BC19264B97002BA574 /* MyScrollView.m */ = {isa = PBXFileReference; fileEncoding = 4; lastKnownFileType = sourcecode.c.objc; path = MyScrollView.m; sourceTree = "<group>"; };
		13C122BB18DB00590044C816 /* YMiTunesXMLParser.h */ = {isa = PBXFileReference; fileEncoding = 4; lastKnownFileType = sourcecode.c.h; path = YMiTunesXMLParser.h; sourceTree = "<group>"; };
		13C122BC18DB00590044C816 /* YMiTunesXMLParser.m */ = {isa = PBXFileReference; fileEncoding = 4; lastKnownFileType = sourcecode.c.objc; path = YMiTunesXMLParser.m; sourceTree = "<group>"; };
		13E030F5192643E600B294FC /* YMViewController.h */ = {isa = PBXFileReference; fileEncoding = 4; lastKnownFileType = sourcecode.c.h; path = YMViewController.h; sourceTree = "<group>"; };
		13E030F6192643E600B294FC /* YMViewController.m */ = {isa = PBXFileReference; fileEncoding = 4; lastKnownFileType = sourcecode.c.objc; path = YMViewController.m; sourceTree = "<group>"; };
		13E030F7192643E600B294FC /* YMViewController.xib */ = {isa = PBXFileReference; fileEncoding = 4; lastKnownFileType = file.xib; path = YMViewController.xib; sourceTree = "<group>"; };
		13EA60C6191ECDF400CAEB70 /* UIView+DebugObject.h */ = {isa = PBXFileReference; fileEncoding = 4; lastKnownFileType = sourcecode.c.h; path = "UIView+DebugObject.h"; sourceTree = "<group>"; };
		13EA60C7191ECDF400CAEB70 /* UIView+DebugObject.m */ = {isa = PBXFileReference; fileEncoding = 4; lastKnownFileType = sourcecode.c.objc; path = "UIView+DebugObject.m"; sourceTree = "<group>"; };
		13F7A9C8191A309100C37DF5 /* YMTableViewCell.m */ = {isa = PBXFileReference; fileEncoding = 4; lastKnownFileType = sourcecode.c.objc; path = YMTableViewCell.m; sourceTree = "<group>"; };
		13F7A9CA191A309900C37DF5 /* YMTableViewCell.h */ = {isa = PBXFileReference; lastKnownFileType = sourcecode.c.h; path = YMTableViewCell.h; sourceTree = "<group>"; };
		13F7A9CE191A3D5C00C37DF5 /* YMSongView.h */ = {isa = PBXFileReference; fileEncoding = 4; lastKnownFileType = sourcecode.c.h; path = YMSongView.h; sourceTree = "<group>"; };
		13F7A9CF191A3D5C00C37DF5 /* YMSongView.m */ = {isa = PBXFileReference; fileEncoding = 4; lastKnownFileType = sourcecode.c.objc; path = YMSongView.m; sourceTree = "<group>"; };
		13F7A9DA191BB06600C37DF5 /* UIImageView+Network.h */ = {isa = PBXFileReference; fileEncoding = 4; lastKnownFileType = sourcecode.c.h; path = "UIImageView+Network.h"; sourceTree = "<group>"; };
		13F7A9DB191BB06600C37DF5 /* UIImageView+Network.m */ = {isa = PBXFileReference; fileEncoding = 4; lastKnownFileType = sourcecode.c.objc; path = "UIImageView+Network.m"; sourceTree = "<group>"; };
		13F7A9DD191BBD4400C37DF5 /* placeholder.jpg */ = {isa = PBXFileReference; lastKnownFileType = image.jpeg; path = placeholder.jpg; sourceTree = "<group>"; };
/* End PBXFileReference section */

/* Begin PBXFrameworksBuildPhase section */
		1301396218CC7CBC009A4C82 /* Frameworks */ = {
			isa = PBXFrameworksBuildPhase;
			buildActionMask = 2147483647;
			files = (
				1302A22219439EA3003F91A6 /* SystemConfiguration.framework in Frameworks */,
				1301396B18CC7CBC009A4C82 /* CoreGraphics.framework in Frameworks */,
				1301396F18CC7CBC009A4C82 /* CoreData.framework in Frameworks */,
				1301396D18CC7CBC009A4C82 /* UIKit.framework in Frameworks */,
				1301396918CC7CBC009A4C82 /* Foundation.framework in Frameworks */,
			);
			runOnlyForDeploymentPostprocessing = 0;
		};
		1301398B18CC7CBC009A4C82 /* Frameworks */ = {
			isa = PBXFrameworksBuildPhase;
			buildActionMask = 2147483647;
			files = (
				1301399018CC7CBC009A4C82 /* XCTest.framework in Frameworks */,
				1301399318CC7CBC009A4C82 /* CoreData.framework in Frameworks */,
				1301399218CC7CBC009A4C82 /* UIKit.framework in Frameworks */,
				1301399118CC7CBC009A4C82 /* Foundation.framework in Frameworks */,
			);
			runOnlyForDeploymentPostprocessing = 0;
		};
/* End PBXFrameworksBuildPhase section */

/* Begin PBXGroup section */
		1301395C18CC7CBB009A4C82 = {
			isa = PBXGroup;
			children = (
				1302A22319439F14003F91A6 /* Reachability */,
				1301397018CC7CBC009A4C82 /* MYWebservice */,
				1301399618CC7CBC009A4C82 /* MYWebserviceTests */,
				1301396718CC7CBC009A4C82 /* Frameworks */,
				1301396618CC7CBC009A4C82 /* Products */,
			);
			sourceTree = "<group>";
		};
		1301396618CC7CBC009A4C82 /* Products */ = {
			isa = PBXGroup;
			children = (
				1301396518CC7CBC009A4C82 /* MYWebservice.app */,
				1301398E18CC7CBC009A4C82 /* MYWebserviceTests.xctest */,
			);
			name = Products;
			sourceTree = "<group>";
		};
		1301396718CC7CBC009A4C82 /* Frameworks */ = {
			isa = PBXGroup;
			children = (
				1302A22119439EA3003F91A6 /* SystemConfiguration.framework */,
				1301396818CC7CBC009A4C82 /* Foundation.framework */,
				1301396A18CC7CBC009A4C82 /* CoreGraphics.framework */,
				1301396C18CC7CBC009A4C82 /* UIKit.framework */,
				1301396E18CC7CBC009A4C82 /* CoreData.framework */,
				1301398F18CC7CBC009A4C82 /* XCTest.framework */,
			);
			name = Frameworks;
			sourceTree = "<group>";
		};
		1301397018CC7CBC009A4C82 /* MYWebservice */ = {
			isa = PBXGroup;
			children = (
				130139BB18CDA959009A4C82 /* Application */,
				130139BC18CDA969009A4C82 /* ViewControllers */,
				130139BE18CDA9C5009A4C82 /* Controllers */,
				130139BD18CDA9A1009A4C82 /* Models */,
				1301397118CC7CBC009A4C82 /* Supporting Files */,
			);
			path = MYWebservice;
			sourceTree = "<group>";
		};
		1301397118CC7CBC009A4C82 /* Supporting Files */ = {
			isa = PBXGroup;
			children = (
				1301398818CC7CBC009A4C82 /* Images.xcassets */,
				1301397F18CC7CBC009A4C82 /* MYWebservice.xcdatamodeld */,
				1301397218CC7CBC009A4C82 /* MYWebservice-Info.plist */,
				1301397318CC7CBC009A4C82 /* InfoPlist.strings */,
				1301397618CC7CBC009A4C82 /* main.m */,
				1301397818CC7CBC009A4C82 /* MYWebservice-Prefix.pch */,
				13EA60C6191ECDF400CAEB70 /* UIView+DebugObject.h */,
				13EA60C7191ECDF400CAEB70 /* UIView+DebugObject.m */,
			);
			name = "Supporting Files";
			sourceTree = "<group>";
		};
		1301399618CC7CBC009A4C82 /* MYWebserviceTests */ = {
			isa = PBXGroup;
			children = (
				1301399C18CC7CBC009A4C82 /* MYWebserviceTests.m */,
				1301399718CC7CBC009A4C82 /* Supporting Files */,
			);
			path = MYWebserviceTests;
			sourceTree = "<group>";
		};
		1301399718CC7CBC009A4C82 /* Supporting Files */ = {
			isa = PBXGroup;
			children = (
				1301399818CC7CBC009A4C82 /* MYWebserviceTests-Info.plist */,
				1301399918CC7CBC009A4C82 /* InfoPlist.strings */,
			);
			name = "Supporting Files";
			sourceTree = "<group>";
		};
		130139BB18CDA959009A4C82 /* Application */ = {
			isa = PBXGroup;
			children = (
				13F7A9DA191BB06600C37DF5 /* UIImageView+Network.h */,
				13F7A9DB191BB06600C37DF5 /* UIImageView+Network.m */,
				1301397918CC7CBC009A4C82 /* YMAppDelegate.h */,
				1301397A18CC7CBC009A4C82 /* YMAppDelegate.m */,
			);
			name = Application;
			sourceTree = "<group>";
		};
		130139BC18CDA969009A4C82 /* ViewControllers */ = {
			isa = PBXGroup;
			children = (
				1363967518CF1BB8007AD63A /* YMSongListViewController.h */,
				1363967618CF1BB8007AD63A /* YMSongListViewController.m */,
				13F7A9C8191A309100C37DF5 /* YMTableViewCell.m */,
				13F7A9CA191A309900C37DF5 /* YMTableViewCell.h */,
				13F7A9CE191A3D5C00C37DF5 /* YMSongView.h */,
				13F7A9CF191A3D5C00C37DF5 /* YMSongView.m */,
				13F7A9DD191BBD4400C37DF5 /* placeholder.jpg */,
				1351A7A3192251A600FD2498 /* MYCoverView.h */,
				1351A7A4192251A600FD2498 /* MYCoverView.m */,
				139D82BB19264B97002BA574 /* MyScrollView.h */,
				139D82BC19264B97002BA574 /* MyScrollView.m */,
				13E030F5192643E600B294FC /* YMViewController.h */,
				13E030F6192643E600B294FC /* YMViewController.m */,
				13E030F7192643E600B294FC /* YMViewController.xib */,
			);
			name = ViewControllers;
			sourceTree = "<group>";
		};
		130139BD18CDA9A1009A4C82 /* Models */ = {
			isa = PBXGroup;
			children = (
				130B800C1946213E007DAB6D /* YMSong.h */,
				130B800D1946213E007DAB6D /* YMSong.m */,
				137809B618D9B3AD006184AC /* YMSong+Helper.h */,
				137809B718D9B3AD006184AC /* YMSong+Helper.m */,
				130139AF18CCD4F0009A4C82 /* YMModelObject.h */,
				130139B018CCD4F0009A4C82 /* YMModelObject.m */,
			);
			name = Models;
			sourceTree = "<group>";
		};
		130139BE18CDA9C5009A4C82 /* Controllers */ = {
			isa = PBXGroup;
			children = (
				13C122BB18DB00590044C816 /* YMiTunesXMLParser.h */,
				13C122BC18DB00590044C816 /* YMiTunesXMLParser.m */,
				130139A618CC7EE9009A4C82 /* YMiTunesWebservice.h */,
				130139A718CC7EE9009A4C82 /* YMiTunesWebservice.m */,
				130139A918CCD050009A4C82 /* YMImporter.h */,
				130139AA18CCD050009A4C82 /* YMImporter.m */,
				130139B518CCF8E3009A4C82 /* YMFetchedResultsControllerDataSource.h */,
				130139B618CD00AA009A4C82 /* YMFetchedResultsControllerDataSource.m */,
				130139B818CD0719009A4C82 /* YMPersistence.h */,
				130139B918CD0719009A4C82 /* YMPersistence.m */,
			);
			name = Controllers;
			sourceTree = "<group>";
		};
		1302A22319439F14003F91A6 /* Reachability */ = {
			isa = PBXGroup;
			children = (
				1302A22419439F14003F91A6 /* Reachability.h */,
				1302A22519439F14003F91A6 /* Reachability.m */,
			);
			path = Reachability;
			sourceTree = "<group>";
		};
/* End PBXGroup section */

/* Begin PBXNativeTarget section */
		1301396418CC7CBC009A4C82 /* MYWebservice */ = {
			isa = PBXNativeTarget;
			buildConfigurationList = 130139A018CC7CBC009A4C82 /* Build configuration list for PBXNativeTarget "MYWebservice" */;
			buildPhases = (
				1301396118CC7CBC009A4C82 /* Sources */,
				1301396218CC7CBC009A4C82 /* Frameworks */,
				1301396318CC7CBC009A4C82 /* Resources */,
			);
			buildRules = (
			);
			dependencies = (
			);
			name = MYWebservice;
			productName = MYWebservice;
			productReference = 1301396518CC7CBC009A4C82 /* MYWebservice.app */;
			productType = "com.apple.product-type.application";
		};
		1301398D18CC7CBC009A4C82 /* MYWebserviceTests */ = {
			isa = PBXNativeTarget;
			buildConfigurationList = 130139A318CC7CBC009A4C82 /* Build configuration list for PBXNativeTarget "MYWebserviceTests" */;
			buildPhases = (
				1301398A18CC7CBC009A4C82 /* Sources */,
				1301398B18CC7CBC009A4C82 /* Frameworks */,
				1301398C18CC7CBC009A4C82 /* Resources */,
			);
			buildRules = (
			);
			dependencies = (
				1301399518CC7CBC009A4C82 /* PBXTargetDependency */,
			);
			name = MYWebserviceTests;
			productName = MYWebserviceTests;
			productReference = 1301398E18CC7CBC009A4C82 /* MYWebserviceTests.xctest */;
			productType = "com.apple.product-type.bundle.unit-test";
		};
/* End PBXNativeTarget section */

/* Begin PBXProject section */
		1301395D18CC7CBB009A4C82 /* Project object */ = {
			isa = PBXProject;
			attributes = {
				CLASSPREFIX = MY;
				LastUpgradeCheck = 0510;
				ORGANIZATIONNAME = "Malick Youla";
				TargetAttributes = {
					1301398D18CC7CBC009A4C82 = {
						TestTargetID = 1301396418CC7CBC009A4C82;
					};
				};
			};
			buildConfigurationList = 1301396018CC7CBB009A4C82 /* Build configuration list for PBXProject "MYWebservice" */;
			compatibilityVersion = "Xcode 3.2";
			developmentRegion = English;
			hasScannedForEncodings = 0;
			knownRegions = (
				en,
				Base,
			);
			mainGroup = 1301395C18CC7CBB009A4C82;
			productRefGroup = 1301396618CC7CBC009A4C82 /* Products */;
			projectDirPath = "";
			projectRoot = "";
			targets = (
				1301396418CC7CBC009A4C82 /* MYWebservice */,
				1301398D18CC7CBC009A4C82 /* MYWebserviceTests */,
			);
		};
/* End PBXProject section */

/* Begin PBXResourcesBuildPhase section */
		1301396318CC7CBC009A4C82 /* Resources */ = {
			isa = PBXResourcesBuildPhase;
			buildActionMask = 2147483647;
			files = (
				1301398918CC7CBC009A4C82 /* Images.xcassets in Resources */,
				13F7A9DE191BBD4400C37DF5 /* placeholder.jpg in Resources */,
				13E030F9192643E600B294FC /* YMViewController.xib in Resources */,
				1301397518CC7CBC009A4C82 /* InfoPlist.strings in Resources */,
			);
			runOnlyForDeploymentPostprocessing = 0;
		};
		1301398C18CC7CBC009A4C82 /* Resources */ = {
			isa = PBXResourcesBuildPhase;
			buildActionMask = 2147483647;
			files = (
				1301399B18CC7CBC009A4C82 /* InfoPlist.strings in Resources */,
			);
			runOnlyForDeploymentPostprocessing = 0;
		};
/* End PBXResourcesBuildPhase section */

/* Begin PBXSourcesBuildPhase section */
		1301396118CC7CBC009A4C82 /* Sources */ = {
			isa = PBXSourcesBuildPhase;
			buildActionMask = 2147483647;
			files = (
				13C122BD18DB00590044C816 /* YMiTunesXMLParser.m in Sources */,
				1363967718CF1BB8007AD63A /* YMSongListViewController.m in Sources */,
				130139B118CCD4F0009A4C82 /* YMModelObject.m in Sources */,
				130139BA18CD0719009A4C82 /* YMPersistence.m in Sources */,
				13F7A9DC191BB06600C37DF5 /* UIImageView+Network.m in Sources */,
				13F7A9D0191A3D5C00C37DF5 /* YMSongView.m in Sources */,
				137809B818D9B3AD006184AC /* YMSong+Helper.m in Sources */,
				130139B718CD00AA009A4C82 /* YMFetchedResultsControllerDataSource.m in Sources */,
				1301397B18CC7CBC009A4C82 /* YMAppDelegate.m in Sources */,
				1351A7A5192251A600FD2498 /* MYCoverView.m in Sources */,
				1301397718CC7CBC009A4C82 /* main.m in Sources */,
				139D82BD19264B97002BA574 /* MyScrollView.m in Sources */,
				13EA60C8191ECDF400CAEB70 /* UIView+DebugObject.m in Sources */,
				1302A22619439F14003F91A6 /* Reachability.m in Sources */,
				130B800E1946213E007DAB6D /* YMSong.m in Sources */,
				13F7A9C9191A309100C37DF5 /* YMTableViewCell.m in Sources */,
				13E030F8192643E600B294FC /* YMViewController.m in Sources */,
				130139A818CC7EE9009A4C82 /* YMiTunesWebservice.m in Sources */,
				1301398118CC7CBC009A4C82 /* MYWebservice.xcdatamodeld in Sources */,
				130139AB18CCD050009A4C82 /* YMImporter.m in Sources */,
			);
			runOnlyForDeploymentPostprocessing = 0;
		};
		1301398A18CC7CBC009A4C82 /* Sources */ = {
			isa = PBXSourcesBuildPhase;
			buildActionMask = 2147483647;
			files = (
				1301399D18CC7CBC009A4C82 /* MYWebserviceTests.m in Sources */,
			);
			runOnlyForDeploymentPostprocessing = 0;
		};
/* End PBXSourcesBuildPhase section */

/* Begin PBXTargetDependency section */
		1301399518CC7CBC009A4C82 /* PBXTargetDependency */ = {
			isa = PBXTargetDependency;
			target = 1301396418CC7CBC009A4C82 /* MYWebservice */;
			targetProxy = 1301399418CC7CBC009A4C82 /* PBXContainerItemProxy */;
		};
/* End PBXTargetDependency section */

/* Begin PBXVariantGroup section */
		1301397318CC7CBC009A4C82 /* InfoPlist.strings */ = {
			isa = PBXVariantGroup;
			children = (
				1301397418CC7CBC009A4C82 /* en */,
			);
			name = InfoPlist.strings;
			sourceTree = "<group>";
		};
		1301399918CC7CBC009A4C82 /* InfoPlist.strings */ = {
			isa = PBXVariantGroup;
			children = (
				1301399A18CC7CBC009A4C82 /* en */,
			);
			name = InfoPlist.strings;
			sourceTree = "<group>";
		};
/* End PBXVariantGroup section */

/* Begin XCBuildConfiguration section */
		1301399E18CC7CBC009A4C82 /* Debug */ = {
			isa = XCBuildConfiguration;
			buildSettings = {
				ALWAYS_SEARCH_USER_PATHS = NO;
				CLANG_CXX_LANGUAGE_STANDARD = "gnu++0x";
				CLANG_CXX_LIBRARY = "libc++";
				CLANG_ENABLE_MODULES = YES;
				CLANG_ENABLE_OBJC_ARC = YES;
				CLANG_WARN_BOOL_CONVERSION = YES;
				CLANG_WARN_CONSTANT_CONVERSION = YES;
				CLANG_WARN_DIRECT_OBJC_ISA_USAGE = YES_ERROR;
				CLANG_WARN_EMPTY_BODY = YES;
				CLANG_WARN_ENUM_CONVERSION = YES;
				CLANG_WARN_INT_CONVERSION = YES;
				CLANG_WARN_OBJC_ROOT_CLASS = YES_ERROR;
				CLANG_WARN__DUPLICATE_METHOD_MATCH = YES;
				"CODE_SIGN_IDENTITY[sdk=iphoneos*]" = "iPhone Developer";
				COPY_PHASE_STRIP = NO;
				GCC_C_LANGUAGE_STANDARD = gnu99;
				GCC_DYNAMIC_NO_PIC = NO;
				GCC_OPTIMIZATION_LEVEL = 0;
				GCC_PREPROCESSOR_DEFINITIONS = (
					"DEBUG=1",
					"$(inherited)",
				);
				GCC_SYMBOLS_PRIVATE_EXTERN = NO;
				GCC_WARN_64_TO_32_BIT_CONVERSION = YES;
				GCC_WARN_ABOUT_RETURN_TYPE = YES_ERROR;
				GCC_WARN_UNDECLARED_SELECTOR = YES;
				GCC_WARN_UNINITIALIZED_AUTOS = YES;
				GCC_WARN_UNUSED_FUNCTION = YES;
				GCC_WARN_UNUSED_VARIABLE = YES;
				IPHONEOS_DEPLOYMENT_TARGET = 7.0;
				ONLY_ACTIVE_ARCH = YES;
				SDKROOT = iphoneos;
			};
			name = Debug;
		};
		1301399F18CC7CBC009A4C82 /* Release */ = {
			isa = XCBuildConfiguration;
			buildSettings = {
				ALWAYS_SEARCH_USER_PATHS = NO;
				CLANG_CXX_LANGUAGE_STANDARD = "gnu++0x";
				CLANG_CXX_LIBRARY = "libc++";
				CLANG_ENABLE_MODULES = YES;
				CLANG_ENABLE_OBJC_ARC = YES;
				CLANG_WARN_BOOL_CONVERSION = YES;
				CLANG_WARN_CONSTANT_CONVERSION = YES;
				CLANG_WARN_DIRECT_OBJC_ISA_USAGE = YES_ERROR;
				CLANG_WARN_EMPTY_BODY = YES;
				CLANG_WARN_ENUM_CONVERSION = YES;
				CLANG_WARN_INT_CONVERSION = YES;
				CLANG_WARN_OBJC_ROOT_CLASS = YES_ERROR;
				CLANG_WARN__DUPLICATE_METHOD_MATCH = YES;
				"CODE_SIGN_IDENTITY[sdk=iphoneos*]" = "iPhone Developer";
				COPY_PHASE_STRIP = YES;
				ENABLE_NS_ASSERTIONS = NO;
				GCC_C_LANGUAGE_STANDARD = gnu99;
				GCC_WARN_64_TO_32_BIT_CONVERSION = YES;
				GCC_WARN_ABOUT_RETURN_TYPE = YES_ERROR;
				GCC_WARN_UNDECLARED_SELECTOR = YES;
				GCC_WARN_UNINITIALIZED_AUTOS = YES;
				GCC_WARN_UNUSED_FUNCTION = YES;
				GCC_WARN_UNUSED_VARIABLE = YES;
				IPHONEOS_DEPLOYMENT_TARGET = 7.0;
				SDKROOT = iphoneos;
				VALIDATE_PRODUCT = YES;
			};
			name = Release;
		};
		130139A118CC7CBC009A4C82 /* Debug */ = {
			isa = XCBuildConfiguration;
			buildSettings = {
				ASSETCATALOG_COMPILER_APPICON_NAME = AppIcon;
				ASSETCATALOG_COMPILER_LAUNCHIMAGE_NAME = LaunchImage;
				CODE_SIGN_IDENTITY = "iPhone Developer: Malick Youla (RZ34XDACN4)";
				"CODE_SIGN_IDENTITY[sdk=iphoneos*]" = "iPhone Developer: Malick Youla (RZ34XDACN4)";
				GCC_PRECOMPILE_PREFIX_HEADER = YES;
				GCC_PREFIX_HEADER = "MYWebservice/MYWebservice-Prefix.pch";
				GCC_TREAT_WARNINGS_AS_ERRORS = YES;
				INFOPLIST_FILE = "MYWebservice/MYWebservice-Info.plist";
				IPHONEOS_DEPLOYMENT_TARGET = 7.1;
				PRODUCT_NAME = "$(TARGET_NAME)";
				WRAPPER_EXTENSION = app;
			};
			name = Debug;
		};
		130139A218CC7CBC009A4C82 /* Release */ = {
			isa = XCBuildConfiguration;
			buildSettings = {
				ASSETCATALOG_COMPILER_APPICON_NAME = AppIcon;
				ASSETCATALOG_COMPILER_LAUNCHIMAGE_NAME = LaunchImage;
				CODE_SIGN_IDENTITY = "iPhone Developer";
				"CODE_SIGN_IDENTITY[sdk=iphoneos*]" = "iPhone Developer: Malick Youla (RZ34XDACN4)";
				GCC_PRECOMPILE_PREFIX_HEADER = YES;
				GCC_PREFIX_HEADER = "MYWebservice/MYWebservice-Prefix.pch";
				GCC_TREAT_WARNINGS_AS_ERRORS = YES;
				INFOPLIST_FILE = "MYWebservice/MYWebservice-Info.plist";
				IPHONEOS_DEPLOYMENT_TARGET = 7.1;
				PRODUCT_NAME = "$(TARGET_NAME)";
				WRAPPER_EXTENSION = app;
			};
			name = Release;
		};
		130139A418CC7CBC009A4C82 /* Debug */ = {
			isa = XCBuildConfiguration;
			buildSettings = {
				BUNDLE_LOADER = "$(BUILT_PRODUCTS_DIR)/MYWebservice.app/MYWebservice";
				FRAMEWORK_SEARCH_PATHS = (
					"$(SDKROOT)/Developer/Library/Frameworks",
					"$(inherited)",
					"$(DEVELOPER_FRAMEWORKS_DIR)",
				);
				GCC_PRECOMPILE_PREFIX_HEADER = YES;
				GCC_PREFIX_HEADER = "MYWebservice/MYWebservice-Prefix.pch";
				GCC_PREPROCESSOR_DEFINITIONS = (
					"DEBUG=1",
					"$(inherited)",
				);
				INFOPLIST_FILE = "MYWebserviceTests/MYWebserviceTests-Info.plist";
				PRODUCT_NAME = "$(TARGET_NAME)";
				TEST_HOST = "$(BUNDLE_LOADER)";
				WRAPPER_EXTENSION = xctest;
			};
			name = Debug;
		};
		130139A518CC7CBC009A4C82 /* Release */ = {
			isa = XCBuildConfiguration;
			buildSettings = {
				BUNDLE_LOADER = "$(BUILT_PRODUCTS_DIR)/MYWebservice.app/MYWebservice";
				FRAMEWORK_SEARCH_PATHS = (
					"$(SDKROOT)/Developer/Library/Frameworks",
					"$(inherited)",
					"$(DEVELOPER_FRAMEWORKS_DIR)",
				);
				GCC_PRECOMPILE_PREFIX_HEADER = YES;
				GCC_PREFIX_HEADER = "MYWebservice/MYWebservice-Prefix.pch";
				INFOPLIST_FILE = "MYWebserviceTests/MYWebserviceTests-Info.plist";
				PRODUCT_NAME = "$(TARGET_NAME)";
				TEST_HOST = "$(BUNDLE_LOADER)";
				WRAPPER_EXTENSION = xctest;
			};
			name = Release;
		};
/* End XCBuildConfiguration section */

/* Begin XCConfigurationList section */
		1301396018CC7CBB009A4C82 /* Build configuration list for PBXProject "MYWebservice" */ = {
			isa = XCConfigurationList;
			buildConfigurations = (
				1301399E18CC7CBC009A4C82 /* Debug */,
				1301399F18CC7CBC009A4C82 /* Release */,
			);
			defaultConfigurationIsVisible = 0;
			defaultConfigurationName = Release;
		};
		130139A018CC7CBC009A4C82 /* Build configuration list for PBXNativeTarget "MYWebservice" */ = {
			isa = XCConfigurationList;
			buildConfigurations = (
				130139A118CC7CBC009A4C82 /* Debug */,
				130139A218CC7CBC009A4C82 /* Release */,
			);
			defaultConfigurationIsVisible = 0;
			defaultConfigurationName = Release;
		};
		130139A318CC7CBC009A4C82 /* Build configuration list for PBXNativeTarget "MYWebserviceTests" */ = {
			isa = XCConfigurationList;
			buildConfigurations = (
				130139A418CC7CBC009A4C82 /* Debug */,
				130139A518CC7CBC009A4C82 /* Release */,
			);
			defaultConfigurationIsVisible = 0;
			defaultConfigurationName = Release;
		};
/* End XCConfigurationList section */

/* Begin XCVersionGroup section */
		1301397F18CC7CBC009A4C82 /* MYWebservice.xcdatamodeld */ = {
			isa = XCVersionGroup;
			children = (
				1301398018CC7CBC009A4C82 /* MYWebservice.xcdatamodel */,
			);
			currentVersion = 1301398018CC7CBC009A4C82 /* MYWebservice.xcdatamodel */;
			path = MYWebservice.xcdatamodeld;
			sourceTree = "<group>";
			versionGroupType = wrapper.xcdatamodel;
		};
/* End XCVersionGroup section */
	};
	rootObject = 1301395D18CC7CBB009A4C82 /* Project object */;
}
